{
  "lockfileVersion": 1,
  "dependencies": {
    "workbox-sw": {
      "version": "2.0.1",
      "resolved": "https://registry.npmjs.org/workbox-sw/-/workbox-sw-2.0.1.tgz",
      "integrity": "sha512-01qQkceu7D6d8fOBFDvb3jucoJJoWqHA8lbFTP5qETIPvDheCoW1ZgVzAs7wWB5SZOa5kPMjP/qlR7TYYLGsEw=="
    }
  }
}
